
Microsoft Visual Studio Solution File, Format Version 12.00
# Visual Studio Version 17
Project("{8BC9CEB8-8B4A-11D0-8D11-00A0C91BC942}") = "ALL_BUILD", "ALL_BUILD.vcxproj", "{067D3C71-FA89-33FC-968C-63F3E9300739}"
	ProjectSection(ProjectDependencies) = postProject
		{6ED3CEFE-2D51-3752-AFF2-A069E34F00AC} = {6ED3CEFE-2D51-3752-AFF2-A069E34F00AC}
		{A5473620-4A24-355B-9BCB-820E1DF9B51F} = {A5473620-4A24-355B-9BCB-820E1DF9B51F}
	EndProjectSection
EndProject
Project("{8BC9CEB8-8B4A-11D0-8D11-00A0C91BC942}") = "GaDaeroJourney", "GaDaeroJourney.vcxproj", "{6ED3CEFE-2D51-3752-AFF2-A069E34F00AC}"
	ProjectSection(ProjectDependencies) = postProject
		{A5473620-4A24-355B-9BCB-820E1DF9B51F} = {A5473620-4A24-355B-9BCB-820E1DF9B51F}
	EndProjectSection
EndProject
Project("{8BC9CEB8-8B4A-11D0-8D11-00A0C91BC942}") = "ZERO_CHECK", "ZERO_CHECK.vcxproj", "{A5473620-4A24-355B-9BCB-820E1DF9B51F}"
	ProjectSection(ProjectDependencies) = postProject
	EndProjectSection
EndProject
Global
	GlobalSection(SolutionConfigurationPlatforms) = preSolution
		Debug|x64 = Debug|x64
		Release|x64 = Release|x64
		MinSizeRel|x64 = MinSizeRel|x64
		RelWithDebInfo|x64 = RelWithDebInfo|x64
	EndGlobalSection
	GlobalSection(ProjectConfigurationPlatforms) = postSolution
		{067D3C71-FA89-33FC-968C-63F3E9300739}.Debug|x64.ActiveCfg = Debug|x64
		{067D3C71-FA89-33FC-968C-63F3E9300739}.Release|x64.ActiveCfg = Release|x64
		{067D3C71-FA89-33FC-968C-63F3E9300739}.MinSizeRel|x64.ActiveCfg = MinSizeRel|x64
		{067D3C71-FA89-33FC-968C-63F3E9300739}.RelWithDebInfo|x64.ActiveCfg = RelWithDebInfo|x64
		{6ED3CEFE-2D51-3752-AFF2-A069E34F00AC}.Debug|x64.ActiveCfg = Debug|x64
		{6ED3CEFE-2D51-3752-AFF2-A069E34F00AC}.Debug|x64.Build.0 = Debug|x64
		{6ED3CEFE-2D51-3752-AFF2-A069E34F00AC}.Release|x64.ActiveCfg = Release|x64
		{6ED3CEFE-2D51-3752-AFF2-A069E34F00AC}.Release|x64.Build.0 = Release|x64
		{6ED3CEFE-2D51-3752-AFF2-A069E34F00AC}.MinSizeRel|x64.ActiveCfg = MinSizeRel|x64
		{6ED3CEFE-2D51-3752-AFF2-A069E34F00AC}.MinSizeRel|x64.Build.0 = MinSizeRel|x64
		{6ED3CEFE-2D51-3752-AFF2-A069E34F00AC}.RelWithDebInfo|x64.ActiveCfg = RelWithDebInfo|x64
		{6ED3CEFE-2D51-3752-AFF2-A069E34F00AC}.RelWithDebInfo|x64.Build.0 = RelWithDebInfo|x64
		{A5473620-4A24-355B-9BCB-820E1DF9B51F}.Debug|x64.ActiveCfg = Debug|x64
		{A5473620-4A24-355B-9BCB-820E1DF9B51F}.Debug|x64.Build.0 = Debug|x64
		{A5473620-4A24-355B-9BCB-820E1DF9B51F}.Release|x64.ActiveCfg = Release|x64
		{A5473620-4A24-355B-9BCB-820E1DF9B51F}.Release|x64.Build.0 = Release|x64
		{A5473620-4A24-355B-9BCB-820E1DF9B51F}.MinSizeRel|x64.ActiveCfg = MinSizeRel|x64
		{A5473620-4A24-355B-9BCB-820E1DF9B51F}.MinSizeRel|x64.Build.0 = MinSizeRel|x64
		{A5473620-4A24-355B-9BCB-820E1DF9B51F}.RelWithDebInfo|x64.ActiveCfg = RelWithDebInfo|x64
		{A5473620-4A24-355B-9BCB-820E1DF9B51F}.RelWithDebInfo|x64.Build.0 = RelWithDebInfo|x64
	EndGlobalSection
	GlobalSection(ExtensibilityGlobals) = postSolution
		SolutionGuid = {FB8D4889-4E4E-34E3-B802-9EDFB776C7C8}
	EndGlobalSection
	GlobalSection(ExtensibilityAddIns) = postSolution
	EndGlobalSection
EndGlobal
