<?xml version="1.0" encoding="utf-8"?>
<Project ToolsVersion="17.0" xmlns="http://schemas.microsoft.com/developer/msbuild/2003">
  <ItemGroup>
    <CustomBuild Include="C:\Users\rlarl\Documents\GitHub\GAMP\sdl2Santa\santa15\CMakeFiles\fe8a2907935c5965d767338daa060c05\generate.stamp.rule">
      <Filter>CMake Rules</Filter>
    </CustomBuild>
  </ItemGroup>
  <ItemGroup>
    <Filter Include="CMake Rules">
      <UniqueIdentifier>{7AEB209B-29D1-33D0-A116-61871A0BF842}</UniqueIdentifier>
    </Filter>
  </ItemGroup>
</Project>
