<?xml version="1.0" encoding="utf-8"?>
<Project ToolsVersion="4.0" xmlns="http://schemas.microsoft.com/developer/msbuild/2003">
  <ItemGroup>
    <Filter Include="Source Files">
      <UniqueIdentifier>{4FC737F1-C7A5-4376-A066-2A32D752A2FF}</UniqueIdentifier>
      <Extensions>cpp;c;cc;cxx;c++;cppm;ixx;def;odl;idl;hpj;bat;asm;asmx</Extensions>
    </Filter>
    <Filter Include="Header Files">
      <UniqueIdentifier>{93995380-89BD-4b04-88EB-625FBE52EBFB}</UniqueIdentifier>
      <Extensions>h;hh;hpp;hxx;h++;hm;inl;inc;ipp;xsd</Extensions>
    </Filter>
    <Filter Include="Resource Files">
      <UniqueIdentifier>{67DA6AB6-F800-4c08-8B7A-83BB121AAD01}</UniqueIdentifier>
      <Extensions>rc;ico;cur;bmp;dlg;rc2;rct;bin;rgs;gif;jpg;jpeg;jpe;resx;tiff;tif;png;wav;mfcribbon-ms</Extensions>
    </Filter>
  </ItemGroup>
  <ItemGroup>
    <ClInclude Include="..\src\common.h">
      <Filter>Source Files</Filter>
    </ClInclude>
    <ClInclude Include="..\src\defs.h">
      <Filter>Source Files</Filter>
    </ClInclude>
    <ClInclude Include="..\src\main.h">
      <Filter>Source Files</Filter>
    </ClInclude>
    <ClInclude Include="..\src\structs.h">
      <Filter>Source Files</Filter>
    </ClInclude>
    <ClInclude Include="..\src\game\carrot.h">
      <Filter>Source Files</Filter>
    </ClInclude>
    <ClInclude Include="..\src\game\chimney.h">
      <Filter>Source Files</Filter>
    </ClInclude>
    <ClInclude Include="..\src\game\debris.h">
      <Filter>Source Files</Filter>
    </ClInclude>
    <ClInclude Include="..\src\game\entities.h">
      <Filter>Source Files</Filter>
    </ClInclude>
    <ClInclude Include="..\src\game\gift.h">
      <Filter>Source Files</Filter>
    </ClInclude>
    <ClInclude Include="..\src\game\headlessSnowman.h">
      <Filter>Source Files</Filter>
    </ClInclude>
    <ClInclude Include="..\src\game\highscores.h">
      <Filter>Source Files</Filter>
    </ClInclude>
    <ClInclude Include="..\src\game\house.h">
      <Filter>Source Files</Filter>
    </ClInclude>
    <ClInclude Include="..\src\game\hud.h">
      <Filter>Source Files</Filter>
    </ClInclude>
    <ClInclude Include="..\src\game\particles.h">
      <Filter>Source Files</Filter>
    </ClInclude>
    <ClInclude Include="..\src\game\player.h">
      <Filter>Source Files</Filter>
    </ClInclude>
    <ClInclude Include="..\src\game\quadtree.h">
      <Filter>Source Files</Filter>
    </ClInclude>
    <ClInclude Include="..\src\game\sack.h">
      <Filter>Source Files</Filter>
    </ClInclude>
    <ClInclude Include="..\src\game\snow.h">
      <Filter>Source Files</Filter>
    </ClInclude>
    <ClInclude Include="..\src\game\snowball.h">
      <Filter>Source Files</Filter>
    </ClInclude>
    <ClInclude Include="..\src\game\snowman.h">
      <Filter>Source Files</Filter>
    </ClInclude>
    <ClInclude Include="..\src\game\snowmanHead.h">
      <Filter>Source Files</Filter>
    </ClInclude>
    <ClInclude Include="..\src\game\stage.h">
      <Filter>Source Files</Filter>
    </ClInclude>
    <ClInclude Include="..\src\game\title.h">
      <Filter>Source Files</Filter>
    </ClInclude>
    <ClInclude Include="..\src\system\atlas.h">
      <Filter>Source Files</Filter>
    </ClInclude>
    <ClInclude Include="..\src\system\draw.h">
      <Filter>Source Files</Filter>
    </ClInclude>
    <ClInclude Include="..\src\system\init.h">
      <Filter>Source Files</Filter>
    </ClInclude>
    <ClInclude Include="..\src\system\input.h">
      <Filter>Source Files</Filter>
    </ClInclude>
    <ClInclude Include="..\src\system\sound.h">
      <Filter>Source Files</Filter>
    </ClInclude>
    <ClInclude Include="..\src\system\text.h">
      <Filter>Source Files</Filter>
    </ClInclude>
    <ClInclude Include="..\src\system\textures.h">
      <Filter>Source Files</Filter>
    </ClInclude>
    <ClInclude Include="..\src\system\util.h">
      <Filter>Source Files</Filter>
    </ClInclude>
    <ClInclude Include="..\src\json\cJSON.h">
      <Filter>Source Files</Filter>
    </ClInclude>
  </ItemGroup>
  <ItemGroup>
    <ClCompile Include="..\src\main.c">
      <Filter>Source Files</Filter>
    </ClCompile>
    <ClCompile Include="..\src\game\carrot.c">
      <Filter>Source Files</Filter>
    </ClCompile>
    <ClCompile Include="..\src\game\chimney.c">
      <Filter>Source Files</Filter>
    </ClCompile>
    <ClCompile Include="..\src\game\debris.c">
      <Filter>Source Files</Filter>
    </ClCompile>
    <ClCompile Include="..\src\game\entities.c">
      <Filter>Source Files</Filter>
    </ClCompile>
    <ClCompile Include="..\src\game\gift.c">
      <Filter>Source Files</Filter>
    </ClCompile>
    <ClCompile Include="..\src\game\headlessSnowman.c">
      <Filter>Source Files</Filter>
    </ClCompile>
    <ClCompile Include="..\src\game\highscores.c">
      <Filter>Source Files</Filter>
    </ClCompile>
    <ClCompile Include="..\src\game\house.c">
      <Filter>Source Files</Filter>
    </ClCompile>
    <ClCompile Include="..\src\game\hud.c">
      <Filter>Source Files</Filter>
    </ClCompile>
    <ClCompile Include="..\src\game\particles.c">
      <Filter>Source Files</Filter>
    </ClCompile>
    <ClCompile Include="..\src\game\player.c">
      <Filter>Source Files</Filter>
    </ClCompile>
    <ClCompile Include="..\src\game\quadtree.c">
      <Filter>Source Files</Filter>
    </ClCompile>
    <ClCompile Include="..\src\game\sack.c">
      <Filter>Source Files</Filter>
    </ClCompile>
    <ClCompile Include="..\src\game\snow.c">
      <Filter>Source Files</Filter>
    </ClCompile>
    <ClCompile Include="..\src\game\snowball.c">
      <Filter>Source Files</Filter>
    </ClCompile>
    <ClCompile Include="..\src\game\snowman.c">
      <Filter>Source Files</Filter>
    </ClCompile>
    <ClCompile Include="..\src\game\snowmanHead.c">
      <Filter>Source Files</Filter>
    </ClCompile>
    <ClCompile Include="..\src\game\stage.c">
      <Filter>Source Files</Filter>
    </ClCompile>
    <ClCompile Include="..\src\game\title.c">
      <Filter>Source Files</Filter>
    </ClCompile>
    <ClCompile Include="..\src\system\atlas.c">
      <Filter>Source Files</Filter>
    </ClCompile>
    <ClCompile Include="..\src\system\draw.c">
      <Filter>Source Files</Filter>
    </ClCompile>
    <ClCompile Include="..\src\system\init.c">
      <Filter>Source Files</Filter>
    </ClCompile>
    <ClCompile Include="..\src\system\input.c">
      <Filter>Source Files</Filter>
    </ClCompile>
    <ClCompile Include="..\src\system\sound.c">
      <Filter>Source Files</Filter>
    </ClCompile>
    <ClCompile Include="..\src\system\text.c">
      <Filter>Source Files</Filter>
    </ClCompile>
    <ClCompile Include="..\src\system\textures.c">
      <Filter>Source Files</Filter>
    </ClCompile>
    <ClCompile Include="..\src\system\util.c">
      <Filter>Source Files</Filter>
    </ClCompile>
    <ClCompile Include="..\src\json\cJSON.c">
      <Filter>Source Files</Filter>
    </ClCompile>
  </ItemGroup>
</Project>