
Microsoft Visual Studio Solution File, Format Version 12.00
# Visual Studio Version 17
VisualStudioVersion = 17.9.34701.34
MinimumVisualStudioVersion = 10.0.40219.1
Project("{8BC9CEB8-8B4A-11D0-8D11-00A0C91BC942}") = "R2C", "R2C\R2C.vcxproj", "{3C2EAF2B-F28B-4A5B-8FA6-0318B96B1560}"
EndProject
Global
	GlobalSection(SolutionConfigurationPlatforms) = preSolution
		Debug|x64 = Debug|x64
		Debug|x86 = Debug|x86
		Release|x64 = Release|x64
		Release|x86 = Release|x86
	EndGlobalSection
	GlobalSection(ProjectConfigurationPlatforms) = postSolution
		{3C2EAF2B-F28B-4A5B-8FA6-0318B96B1560}.Debug|x64.ActiveCfg = Debug|x64
		{3C2EAF2B-F28B-4A5B-8FA6-0318B96B1560}.Debug|x64.Build.0 = Debug|x64
		{3C2EAF2B-F28B-4A5B-8FA6-0318B96B1560}.Debug|x86.ActiveCfg = Debug|Win32
		{3C2EAF2B-F28B-4A5B-8FA6-0318B96B1560}.Debug|x86.Build.0 = Debug|Win32
		{3C2EAF2B-F28B-4A5B-8FA6-0318B96B1560}.Release|x64.ActiveCfg = Release|x64
		{3C2EAF2B-F28B-4A5B-8FA6-0318B96B1560}.Release|x64.Build.0 = Release|x64
		{3C2EAF2B-F28B-4A5B-8FA6-0318B96B1560}.Release|x86.ActiveCfg = Release|Win32
		{3C2EAF2B-F28B-4A5B-8FA6-0318B96B1560}.Release|x86.Build.0 = Release|Win32
	EndGlobalSection
	GlobalSection(SolutionProperties) = preSolution
		HideSolutionNode = FALSE
	EndGlobalSection
	GlobalSection(ExtensibilityGlobals) = postSolution
		SolutionGuid = {6661E7D3-1E6F-4825-9282-49EDCBB685E0}
	EndGlobalSection
EndGlobal
